// !$*UTF8*$!
{
	archiveVersion = 1;
	classes = {
	};
	objectVersion = 46;
	objects = {

/* Begin PBXBuildFile section */
		8090C601186EB4CB00455C99 /* UIKit.framework in Frameworks */ = {isa = PBXBuildFile; fileRef = 8090C600186EB4CB00455C99 /* UIKit.framework */; };
		8090C603186EB4CB00455C99 /* Foundation.framework in Frameworks */ = {isa = PBXBuildFile; fileRef = 8090C602186EB4CB00455C99 /* Foundation.framework */; };
		8090C605186EB4CB00455C99 /* CoreGraphics.framework in Frameworks */ = {isa = PBXBuildFile; fileRef = 8090C604186EB4CB00455C99 /* CoreGraphics.framework */; };
		8090C60B186EB4CB00455C99 /* InfoPlist.strings in Resources */ = {isa = PBXBuildFile; fileRef = 8090C609186EB4CB00455C99 /* InfoPlist.strings */; };
		8090C60D186EB4CB00455C99 /* main.m in Sources */ = {isa = PBXBuildFile; fileRef = 8090C60C186EB4CB00455C99 /* main.m */; };
		8090C611186EB4CB00455C99 /* AppDelegate.m in Sources */ = {isa = PBXBuildFile; fileRef = 8090C610186EB4CB00455C99 /* AppDelegate.m */; };
		8090C613186EB4CB00455C99 /* Default.png in Resources */ = {isa = PBXBuildFile; fileRef = 8090C612186EB4CB00455C99 /* Default.png */; };
		8090C615186EB4CB00455C99 /* Default@2x.png in Resources */ = {isa = PBXBuildFile; fileRef = 8090C614186EB4CB00455C99 /* Default@2x.png */; };
		8090C617186EB4CB00455C99 /* Default-568h@2x.png in Resources */ = {isa = PBXBuildFile; fileRef = 8090C616186EB4CB00455C99 /* Default-568h@2x.png */; };
		8090C61A186EB4CB00455C99 /* ViewController.m in Sources */ = {isa = PBXBuildFile; fileRef = 8090C619186EB4CB00455C99 /* ViewController.m */; };
		8090C61D186EB4CB00455C99 /* ViewController.xib in Resources */ = {isa = PBXBuildFile; fileRef = 8090C61B186EB4CB00455C99 /* ViewController.xib */; };
/* End PBXBuildFile section */

/* Begin PBXFileReference section */
		8090C5FD186EB4CB00455C99 /* book.app */ = {isa = PBXFileReference; explicitFileType = wrapper.application; includeInIndex = 0; path = book.app; sourceTree = BUILT_PRODUCTS_DIR; };
		8090C600186EB4CB00455C99 /* UIKit.framework */ = {isa = PBXFileReference; lastKnownFileType = wrapper.framework; name = UIKit.framework; path = System/Library/Frameworks/UIKit.framework; sourceTree = SDKROOT; };
		8090C602186EB4CB00455C99 /* Foundation.framework */ = {isa = PBXFileReference; lastKnownFileType = wrapper.framework; name = Foundation.framework; path = System/Library/Frameworks/Foundation.framework; sourceTree = SDKROOT; };
		8090C604186EB4CB00455C99 /* CoreGraphics.framework */ = {isa = PBXFileReference; lastKnownFileType = wrapper.framework; name = CoreGraphics.framework; path = System/Library/Frameworks/CoreGraphics.framework; sourceTree = SDKROOT; };
		8090C608186EB4CB00455C99 /* book-Info.plist */ = {isa = PBXFileReference; lastKnownFileType = text.plist.xml; path = "book-Info.plist"; sourceTree = "<group>"; };
		8090C60A186EB4CB00455C99 /* en */ = {isa = PBXFileReference; lastKnownFileType = text.plist.strings; name = en; path = en.lproj/InfoPlist.strings; sourceTree = "<group>"; };
		8090C60C186EB4CB00455C99 /* main.m */ = {isa = PBXFileReference; lastKnownFileType = sourcecode.c.objc; path = main.m; sourceTree = "<group>"; };
		8090C60E186EB4CB00455C99 /* book-Prefix.pch */ = {isa = PBXFileReference; lastKnownFileType = sourcecode.c.h; path = "book-Prefix.pch"; sourceTree = "<group>"; };
		8090C60F186EB4CB00455C99 /* AppDelegate.h */ = {isa = PBXFileReference; lastKnownFileType = sourcecode.c.h; path = AppDelegate.h; sourceTree = "<group>"; };
		8090C610186EB4CB00455C99 /* AppDelegate.m */ = {isa = PBXFileReference; lastKnownFileType = sourcecode.c.objc; path = AppDelegate.m; sourceTree = "<group>"; };
		8090C612186EB4CB00455C99 /* Default.png */ = {isa = PBXFileReference; lastKnownFileType = image.png; path = Default.png; sourceTree = "<group>"; };
		8090C614186EB4CB00455C99 /* Default@2x.png */ = {isa = PBXFileReference; lastKnownFileType = image.png; path = "Default@2x.png"; sourceTree = "<group>"; };
		8090C616186EB4CB00455C99 /* Default-568h@2x.png */ = {isa = PBXFileReference; lastKnownFileType = image.png; path = "Default-568h@2x.png"; sourceTree = "<group>"; };
		8090C618186EB4CB00455C99 /* ViewController.h */ = {isa = PBXFileReference; lastKnownFileType = sourcecode.c.h; path = ViewController.h; sourceTree = "<group>"; };
		8090C619186EB4CB00455C99 /* ViewController.m */ = {isa = PBXFileReference; lastKnownFileType = sourcecode.c.objc; path = ViewController.m; sourceTree = "<group>"; };
		8090C61C186EB4CB00455C99 /* en */ = {isa = PBXFileReference; lastKnownFileType = file.xib; name = en; path = en.lproj/ViewController.xib; sourceTree = "<group>"; };
/* End PBXFileReference section */

/* Begin PBXFrameworksBuildPhase section */
		8090C5FA186EB4CB00455C99 /* Frameworks */ = {
			isa = PBXFrameworksBuildPhase;
			buildActionMask = 2147483647;
			files = (
				8090C601186EB4CB00455C99 /* UIKit.framework in Frameworks */,
				8090C603186EB4CB00455C99 /* Foundation.framework in Frameworks */,
				8090C605186EB4CB00455C99 /* CoreGraphics.framework in Frameworks */,
			);
			runOnlyForDeploymentPostprocessing = 0;
		};
/* End PBXFrameworksBuildPhase section */

/* Begin PBXGroup section */
		8090C5F4186EB4CB00455C99 = {
			isa = PBXGroup;
			children = (
				8090C606186EB4CB00455C99 /* book */,
				8090C5FF186EB4CB00455C99 /* Frameworks */,
				8090C5FE186EB4CB00455C99 /* Products */,
			);
			sourceTree = "<group>";
		};
		8090C5FE186EB4CB00455C99 /* Products */ = {
			isa = PBXGroup;
			children = (
				8090C5FD186EB4CB00455C99 /* book.app */,
			);
			name = Products;
			sourceTree = "<group>";
		};
		8090C5FF186EB4CB00455C99 /* Frameworks */ = {
			isa = PBXGroup;
			children = (
				8090C600186EB4CB00455C99 /* UIKit.framework */,
				8090C602186EB4CB00455C99 /* Foundation.framework */,
				8090C604186EB4CB00455C99 /* CoreGraphics.framework */,
			);
			name = Frameworks;
			sourceTree = "<group>";
		};
		8090C606186EB4CB00455C99 /* book */ = {
			isa = PBXGroup;
			children = (
				8090C60F186EB4CB00455C99 /* AppDelegate.h */,
				8090C610186EB4CB00455C99 /* AppDelegate.m */,
				8090C618186EB4CB00455C99 /* ViewController.h */,
				8090C619186EB4CB00455C99 /* ViewController.m */,
				8090C61B186EB4CB00455C99 /* ViewController.xib */,
				8090C607186EB4CB00455C99 /* Supporting Files */,
			);
			path = book;
			sourceTree = "<group>";
		};
		8090C607186EB4CB00455C99 /* Supporting Files */ = {
			isa = PBXGroup;
			children = (
				8090C608186EB4CB00455C99 /* book-Info.plist */,
				8090C609186EB4CB00455C99 /* InfoPlist.strings */,
				8090C60C186EB4CB00455C99 /* main.m */,
				8090C60E186EB4CB00455C99 /* book-Prefix.pch */,
				8090C612186EB4CB00455C99 /* Default.png */,
				8090C614186EB4CB00455C99 /* Default@2x.png */,
				8090C616186EB4CB00455C99 /* Default-568h@2x.png */,
			);
			name = "Supporting Files";
			sourceTree = "<group>";
		};
/* End PBXGroup section */

/* Begin PBXNativeTarget section */
		8090C5FC186EB4CB00455C99 /* book */ = {
			isa = PBXNativeTarget;
			buildConfigurationList = 8090C620186EB4CB00455C99 /* Build configuration list for PBXNativeTarget "book" */;
			buildPhases = (
				8090C5F9186EB4CB00455C99 /* Sources */,
				8090C5FA186EB4CB00455C99 /* Frameworks */,
				8090C5FB186EB4CB00455C99 /* Resources */,
			);
			buildRules = (
			);
			dependencies = (
			);
			name = book;
			productName = book;
			productReference = 8090C5FD186EB4CB00455C99 /* book.app */;
			productType = "com.apple.product-type.application";
		};
/* End PBXNativeTarget section */

/* Begin PBXProject section */
		8090C5F5186EB4CB00455C99 /* Project object */ = {
			isa = PBXProject;
			attributes = {
				LastUpgradeCheck = 0460;
				ORGANIZATIONNAME = com.example;
			};
			buildConfigurationList = 8090C5F8186EB4CB00455C99 /* Build configuration list for PBXProject "book" */;
			compatibilityVersion = "Xcode 3.2";
			developmentRegion = English;
			hasScannedForEncodings = 0;
			knownRegions = (
				en,
			);
			mainGroup = 8090C5F4186EB4CB00455C99;
			productRefGroup = 8090C5FE186EB4CB00455C99 /* Products */;
			projectDirPath = "";
			projectRoot = "";
			targets = (
				8090C5FC186EB4CB00455C99 /* book */,
			);
		};
/* End PBXProject section */

/* Begin PBXResourcesBuildPhase section */
		8090C5FB186EB4CB00455C99 /* Resources */ = {
			isa = PBXResourcesBuildPhase;
			buildActionMask = 2147483647;
			files = (
				8090C60B186EB4CB00455C99 /* InfoPlist.strings in Resources */,
				8090C613186EB4CB00455C99 /* Default.png in Resources */,
				8090C615186EB4CB00455C99 /* Default@2x.png in Resources */,
				8090C617186EB4CB00455C99 /* Default-568h@2x.png in Resources */,
				8090C61D186EB4CB00455C99 /* ViewController.xib in Resources */,
			);
			runOnlyForDeploymentPostprocessing = 0;
		};
/* End PBXResourcesBuildPhase section */

/* Begin PBXSourcesBuildPhase section */
		8090C5F9186EB4CB00455C99 /* Sources */ = {
			isa = PBXSourcesBuildPhase;
			buildActionMask = 2147483647;
			files = (
				8090C60D186EB4CB00455C99 /* main.m in Sources */,
				8090C611186EB4CB00455C99 /* AppDelegate.m in Sources */,
				8090C61A186EB4CB00455C99 /* ViewController.m in Sources */,
			);
			runOnlyForDeploymentPostprocessing = 0;
		};
/* End PBXSourcesBuildPhase section */

/* Begin PBXVariantGroup section */
		8090C609186EB4CB00455C99 /* InfoPlist.strings */ = {
			isa = PBXVariantGroup;
			children = (
				8090C60A186EB4CB00455C99 /* en */,
			);
			name = InfoPlist.strings;
			sourceTree = "<group>";
		};
		8090C61B186EB4CB00455C99 /* ViewController.xib */ = {
			isa = PBXVariantGroup;
			children = (
				8090C61C186EB4CB00455C99 /* en */,
			);
			name = ViewController.xib;
			sourceTree = "<group>";
		};
/* End PBXVariantGroup section */

/* Begin XCBuildConfiguration section */
		8090C61E186EB4CB00455C99 /* Debug */ = {
			isa = XCBuildConfiguration;
			buildSettings = {
				ALWAYS_SEARCH_USER_PATHS = NO;
				CLANG_CXX_LANGUAGE_STANDARD = "gnu++0x";
				CLANG_CXX_LIBRARY = "libc++";
				CLANG_WARN_CONSTANT_CONVERSION = YES;
				CLANG_WARN_EMPTY_BODY = YES;
				CLANG_WARN_ENUM_CONVERSION = YES;
				CLANG_WARN_INT_CONVERSION = YES;
				CLANG_WARN__DUPLICATE_METHOD_MATCH = YES;
				"CODE_SIGN_IDENTITY[sdk=iphoneos*]" = "iPhone Developer";
				COPY_PHASE_STRIP = NO;
				GCC_C_LANGUAGE_STANDARD = gnu99;
				GCC_DYNAMIC_NO_PIC = NO;
				GCC_OPTIMIZATION_LEVEL = 0;
				GCC_PREPROCESSOR_DEFINITIONS = (
					"DEBUG=1",
					"$(inherited)",
				);
				GCC_SYMBOLS_PRIVATE_EXTERN = NO;
				GCC_WARN_ABOUT_RETURN_TYPE = YES;
				GCC_WARN_UNINITIALIZED_AUTOS = YES;
				GCC_WARN_UNUSED_VARIABLE = YES;
				IPHONEOS_DEPLOYMENT_TARGET = 6.1;
				ONLY_ACTIVE_ARCH = YES;
				SDKROOT = iphoneos;
			};
			name = Debug;
		};
		8090C61F186EB4CB00455C99 /* Release */ = {
			isa = XCBuildConfiguration;
			buildSettings = {
				ALWAYS_SEARCH_USER_PATHS = NO;
				CLANG_CXX_LANGUAGE_STANDARD = "gnu++0x";
				CLANG_CXX_LIBRARY = "libc++";
				CLANG_WARN_CONSTANT_CONVERSION = YES;
				CLANG_WARN_EMPTY_BODY = YES;
				CLANG_WARN_ENUM_CONVERSION = YES;
				CLANG_WARN_INT_CONVERSION = YES;
				CLANG_WARN__DUPLICATE_METHOD_MATCH = YES;
				"CODE_SIGN_IDENTITY[sdk=iphoneos*]" = "iPhone Developer";
				COPY_PHASE_STRIP = YES;
				GCC_C_LANGUAGE_STANDARD = gnu99;
				GCC_WARN_ABOUT_RETURN_TYPE = YES;
				GCC_WARN_UNINITIALIZED_AUTOS = YES;
				GCC_WARN_UNUSED_VARIABLE = YES;
				IPHONEOS_DEPLOYMENT_TARGET = 6.1;
				OTHER_CFLAGS = "-DNS_BLOCK_ASSERTIONS=1";
				SDKROOT = iphoneos;
				VALIDATE_PRODUCT = YES;
			};
			name = Release;
		};
		8090C621186EB4CB00455C99 /* Debug */ = {
			isa = XCBuildConfiguration;
			buildSettings = {
				GCC_PRECOMPILE_PREFIX_HEADER = YES;
				GCC_PREFIX_HEADER = "book/book-Prefix.pch";
				INFOPLIST_FILE = "book/book-Info.plist";
				PRODUCT_NAME = "$(TARGET_NAME)";
				WRAPPER_EXTENSION = app;
			};
			name = Debug;
		};
		8090C622186EB4CB00455C99 /* Release */ = {
			isa = XCBuildConfiguration;
			buildSettings = {
				GCC_PRECOMPILE_PREFIX_HEADER = YES;
				GCC_PREFIX_HEADER = "book/book-Prefix.pch";
				INFOPLIST_FILE = "book/book-Info.plist";
				PRODUCT_NAME = "$(TARGET_NAME)";
				WRAPPER_EXTENSION = app;
			};
			name = Release;
		};
/* End XCBuildConfiguration section */

/* Begin XCConfigurationList section */
		8090C5F8186EB4CB00455C99 /* Build configuration list for PBXProject "book" */ = {
			isa = XCConfigurationList;
			buildConfigurations = (
				8090C61E186EB4CB00455C99 /* Debug */,
				8090C61F186EB4CB00455C99 /* Release */,
			);
			defaultConfigurationIsVisible = 0;
			defaultConfigurationName = Release;
		};
		8090C620186EB4CB00455C99 /* Build configuration list for PBXNativeTarget "book" */ = {
			isa = XCConfigurationList;
			buildConfigurations = (
				8090C621186EB4CB00455C99 /* Debug */,
				8090C622186EB4CB00455C99 /* Release */,
			);
			defaultConfigurationIsVisible = 0;
		};
/* End XCConfigurationList section */
	};
	rootObject = 8090C5F5186EB4CB00455C99 /* Project object */;
}
